
Microsoft Visual Studio Solution File, Format Version 12.00
# Visual Studio Version 17
VisualStudioVersion = 17.5.002.0
MinimumVisualStudioVersion = 10.0.40219.1
Project("{9A19103F-16F7-4668-BE54-9A1E7A4F7556}") = "MarkovJunior", "MarkovJunior.csproj", "{AFD37F64-443E-4DC1-A878-4EC6B2102DC0}"
EndProject
Global
	GlobalSection(SolutionConfigurationPlatforms) = preSolution
		Debug|Any CPU = Debug|Any CPU
		Release|Any CPU = Release|Any CPU
	EndGlobalSection
	GlobalSection(ProjectConfigurationPlatforms) = postSolution
		{AFD37F64-443E-4DC1-A878-4EC6B2102DC0}.Debug|Any CPU.ActiveCfg = Debug|Any CPU
		{AFD37F64-443E-4DC1-A878-4EC6B2102DC0}.Debug|Any CPU.Build.0 = Debug|Any CPU
		{AFD37F64-443E-4DC1-A878-4EC6B2102DC0}.Release|Any CPU.ActiveCfg = Release|Any CPU
		{AFD37F64-443E-4DC1-A878-4EC6B2102DC0}.Release|Any CPU.Build.0 = Release|Any CPU
	EndGlobalSection
	GlobalSection(SolutionProperties) = preSolution
		HideSolutionNode = FALSE
	EndGlobalSection
	GlobalSection(ExtensibilityGlobals) = postSolution
		SolutionGuid = {F0396000-5607-415B-9F1D-9AE0CC8E3520}
	EndGlobalSection
EndGlobal
